Microsoft Visual Studio Solution File, Format Version 12.00
# Visual Studio Version 17
VisualStudioVersion = 17.5.2.0
MinimumVisualStudioVersion = 10.0.40219.1
Project("{FAE04EC0-301F-11D3-BF4B-00C04F79EFBC}") = "OutlookGraphApi", "OutlookGraphApi.csproj", "{CAB4BBAC-F69F-F3B1-8AB0-20111759FD52}"
EndProject
Project("{FAE04EC0-301F-11D3-BF4B-00C04F79EFBC}") = "OutlookGraphApi.Tests", "OutlookGraphApi.Tests\OutlookGraphApi.Tests.csproj", "{86AC4C44-0941-8DAA-97F3-26BAC6A7D0F3}"
EndProject
Global
	GlobalSection(SolutionConfigurationPlatforms) = preSolution
		Debug|Any CPU = Debug|Any CPU
		Release|Any CPU = Release|Any CPU
	EndGlobalSection
	GlobalSection(ProjectConfigurationPlatforms) = postSolution
		{CAB4BBAC-F69F-F3B1-8AB0-20111759FD52}.Debug|Any CPU.ActiveCfg = Debug|Any CPU
		{CAB4BBAC-F69F-F3B1-8AB0-20111759FD52}.Debug|Any CPU.Build.0 = Debug|Any CPU
		{CAB4BBAC-F69F-F3B1-8AB0-20111759FD52}.Release|Any CPU.ActiveCfg = Release|Any CPU
		{CAB4BBAC-F69F-F3B1-8AB0-20111759FD52}.Release|Any CPU.Build.0 = Release|Any CPU
		{86AC4C44-0941-8DAA-97F3-26BAC6A7D0F3}.Debug|Any CPU.ActiveCfg = Debug|Any CPU
		{86AC4C44-0941-8DAA-97F3-26BAC6A7D0F3}.Debug|Any CPU.Build.0 = Debug|Any CPU
		{86AC4C44-0941-8DAA-97F3-26BAC6A7D0F3}.Release|Any CPU.ActiveCfg = Release|Any CPU
		{86AC4C44-0941-8DAA-97F3-26BAC6A7D0F3}.Release|Any CPU.Build.0 = Release|Any CPU
	EndGlobalSection
	GlobalSection(SolutionProperties) = preSolution
		HideSolutionNode = FALSE
	EndGlobalSection
	GlobalSection(ExtensibilityGlobals) = postSolution
		SolutionGuid = {6A0C6C96-4A57-4E93-9981-5FA67244BDB8}
	EndGlobalSection
EndGlobal
